
Microsoft Visual Studio Solution File, Format Version 12.00
# Visual Studio Version 17
VisualStudioVersion = 17.14.36717.8 d17.14
MinimumVisualStudioVersion = 10.0.40219.1
Project("{FAE04EC0-301F-11D3-BF4B-00C04F79EFBC}") = "CSUnit", "CSUnit\CSUnit.csproj", "{A89B1787-B467-4FB6-8623-6D8914D2E872}"
EndProject
Project("{FAE04EC0-301F-11D3-BF4B-00C04F79EFBC}") = "CSUnitRunner", "CSUnitRunner\CSUnitRunner.csproj", "{9E25C893-FC8D-4B78-8E13-A569EE30E921}"
EndProject
Project("{FAE04EC0-301F-11D3-BF4B-00C04F79EFBC}") = "TestFlightApp", "TestBankApp\TestFlightApp.csproj", "{2CA5800D-B47B-42DC-9006-0C7B7D3AF3B4}"
EndProject
Global
	GlobalSection(SolutionConfigurationPlatforms) = preSolution
		Debug|Any CPU = Debug|Any CPU
		Release|Any CPU = Release|Any CPU
	EndGlobalSection
	GlobalSection(ProjectConfigurationPlatforms) = postSolution
		{A89B1787-B467-4FB6-8623-6D8914D2E872}.Debug|Any CPU.ActiveCfg = Debug|Any CPU
		{A89B1787-B467-4FB6-8623-6D8914D2E872}.Debug|Any CPU.Build.0 = Debug|Any CPU
		{A89B1787-B467-4FB6-8623-6D8914D2E872}.Release|Any CPU.ActiveCfg = Release|Any CPU
		{A89B1787-B467-4FB6-8623-6D8914D2E872}.Release|Any CPU.Build.0 = Release|Any CPU
		{9E25C893-FC8D-4B78-8E13-A569EE30E921}.Debug|Any CPU.ActiveCfg = Debug|Any CPU
		{9E25C893-FC8D-4B78-8E13-A569EE30E921}.Debug|Any CPU.Build.0 = Debug|Any CPU
		{9E25C893-FC8D-4B78-8E13-A569EE30E921}.Release|Any CPU.ActiveCfg = Release|Any CPU
		{9E25C893-FC8D-4B78-8E13-A569EE30E921}.Release|Any CPU.Build.0 = Release|Any CPU
		{2CA5800D-B47B-42DC-9006-0C7B7D3AF3B4}.Debug|Any CPU.ActiveCfg = Debug|Any CPU
		{2CA5800D-B47B-42DC-9006-0C7B7D3AF3B4}.Debug|Any CPU.Build.0 = Debug|Any CPU
		{2CA5800D-B47B-42DC-9006-0C7B7D3AF3B4}.Release|Any CPU.ActiveCfg = Release|Any CPU
		{2CA5800D-B47B-42DC-9006-0C7B7D3AF3B4}.Release|Any CPU.Build.0 = Release|Any CPU
	EndGlobalSection
	GlobalSection(SolutionProperties) = preSolution
		HideSolutionNode = FALSE
	EndGlobalSection
	GlobalSection(ExtensibilityGlobals) = postSolution
		SolutionGuid = {13020443-1CC7-4FC4-810E-2BCC67937C07}
	EndGlobalSection
EndGlobal
